
Microsoft Visual Studio Solution File, Format Version 12.00
# Visual Studio Version 17
VisualStudioVersion = 17.3.32804.467
MinimumVisualStudioVersion = 10.0.40219.1
Project("{FAE04EC0-301F-11D3-BF4B-00C04F79EFBC}") = "BaiKiemTra", "BaiKiemTra\BaiKiemTra.csproj", "{C6342274-216D-4FC8-8FA2-12A4C324C2E7}"
EndProject
Global
	GlobalSection(SolutionConfigurationPlatforms) = preSolution
		Debug|Any CPU = Debug|Any CPU
		Release|Any CPU = Release|Any CPU
	EndGlobalSection
	GlobalSection(ProjectConfigurationPlatforms) = postSolution
		{C6342274-216D-4FC8-8FA2-12A4C324C2E7}.Debug|Any CPU.ActiveCfg = Debug|Any CPU
		{C6342274-216D-4FC8-8FA2-12A4C324C2E7}.Debug|Any CPU.Build.0 = Debug|Any CPU
		{C6342274-216D-4FC8-8FA2-12A4C324C2E7}.Release|Any CPU.ActiveCfg = Release|Any CPU
		{C6342274-216D-4FC8-8FA2-12A4C324C2E7}.Release|Any CPU.Build.0 = Release|Any CPU
	EndGlobalSection
	GlobalSection(SolutionProperties) = preSolution
		HideSolutionNode = FALSE
	EndGlobalSection
	GlobalSection(ExtensibilityGlobals) = postSolution
		SolutionGuid = {22958DB3-7184-41E8-B3B2-4194BC28571C}
	EndGlobalSection
EndGlobal
